Microsoft Visual Studio Solution File, Format Version 11.00
# Visual Studio 2008

Project("{05B2EF08-33D8-8494-C489-295E7F66C79C}") = "Swiveler", "Assembly-CSharp-firstpass-vs.csproj", "{505EC4DE-0698-0E7D-7064-8A5D83E848F5}"
EndProject
Project("{05B2EF08-33D8-8494-C489-295E7F66C79C}") = "Swiveler", "Assembly-CSharp-vs.csproj", "{2266D92B-E753-ED6B-7B07-A2A06ACD11F5}"
EndProject
Project("{05B2EF08-33D8-8494-C489-295E7F66C79C}") = "Swiveler", "Assembly-CSharp-Editor-vs.csproj", "{B25418F8-CD8E-A271-24C3-1EA1AA8B3363}"
EndProject
Global
	GlobalSection(SolutionConfigurationPlatforms) = preSolution
		Debug|Any CPU = Debug|Any CPU
		Release|Any CPU = Release|Any CPU
	EndGlobalSection
	GlobalSection(ProjectConfigurationPlatforms) = postSolution
		{505EC4DE-0698-0E7D-7064-8A5D83E848F5}.Debug|Any CPU.ActiveCfg = Debug|Any CPU
		{505EC4DE-0698-0E7D-7064-8A5D83E848F5}.Debug|Any CPU.Build.0 = Debug|Any CPU
		{505EC4DE-0698-0E7D-7064-8A5D83E848F5}.Release|Any CPU.ActiveCfg = Release|Any CPU
		{505EC4DE-0698-0E7D-7064-8A5D83E848F5}.Release|Any CPU.Build.0 = Release|Any CPU
		{2266D92B-E753-ED6B-7B07-A2A06ACD11F5}.Debug|Any CPU.ActiveCfg = Debug|Any CPU
		{2266D92B-E753-ED6B-7B07-A2A06ACD11F5}.Debug|Any CPU.Build.0 = Debug|Any CPU
		{2266D92B-E753-ED6B-7B07-A2A06ACD11F5}.Release|Any CPU.ActiveCfg = Release|Any CPU
		{2266D92B-E753-ED6B-7B07-A2A06ACD11F5}.Release|Any CPU.Build.0 = Release|Any CPU
		{B25418F8-CD8E-A271-24C3-1EA1AA8B3363}.Debug|Any CPU.ActiveCfg = Debug|Any CPU
		{B25418F8-CD8E-A271-24C3-1EA1AA8B3363}.Debug|Any CPU.Build.0 = Debug|Any CPU
		{B25418F8-CD8E-A271-24C3-1EA1AA8B3363}.Release|Any CPU.ActiveCfg = Release|Any CPU
		{B25418F8-CD8E-A271-24C3-1EA1AA8B3363}.Release|Any CPU.Build.0 = Release|Any CPU
	EndGlobalSection
	GlobalSection(SolutionProperties) = preSolution
		HideSolutionNode = FALSE
	EndGlobalSection
																																																					GlobalSection(MonoDevelopProperties) = preSolution
		StartupItem = Assembly-CSharp.csproj
		Policies = $0
		$0.TextStylePolicy = $1
		$1.inheritsSet = null
		$1.scope = text/x-csharp
		$0.CSharpFormattingPolicy = $2
		$2.inheritsSet = Mono
		$2.inheritsScope = text/x-csharp
		$2.scope = text/x-csharp
		$0.TextStylePolicy = $3
		$3.FileWidth = 120
		$3.TabWidth = 4
		$3.IndentWidth = 4
		$3.EolMarker = Unix
		$3.inheritsSet = Mono
		$3.inheritsScope = text/plain
		$3.scope = text/plain
	EndGlobalSection

EndGlobal
